// !$*UTF8*$!
{
	archiveVersion = 1;
	classes = {
	};
	objectVersion = 56;
	objects = {

/* Begin PBXBuildFile section */
		C5387B892A159BB5000FCE46 /* SleepGuardApp.swift in Sources */ = {isa = PBXBuildFile; fileRef = C5387B882A159BB5000FCE46 /* SleepGuardApp.swift */; };
		C5387B8B2A159BB5000FCE46 /* ContentView.swift in Sources */ = {isa = PBXBuildFile; fileRef = C5387B8A2A159BB5000FCE46 /* ContentView.swift */; };
		C5387B8D2A159BB6000FCE46 /* Assets.xcassets in Resources */ = {isa = PBXBuildFile; fileRef = C5387B8C2A159BB6000FCE46 /* Assets.xcassets */; };
		C5387B902A159BB6000FCE46 /* Preview Assets.xcassets in Resources */ = {isa = PBXBuildFile; fileRef = C5387B8F2A159BB6000FCE46 /* Preview Assets.xcassets */; };
		C5387B962A159BB6000FCE46 /* SleepGuard Watch App.app in Embed Watch Content */ = {isa = PBXBuildFile; fileRef = C5387B952A159BB6000FCE46 /* SleepGuard Watch App.app */; settings = {ATTRIBUTES = (RemoveHeadersOnCopy, ); }; };
		C5387B9B2A159BB6000FCE46 /* SleepGuardApp.swift in Sources */ = {isa = PBXBuildFile; fileRef = C5387B9A2A159BB6000FCE46 /* SleepGuardApp.swift */; };
		C5387B9D2A159BB6000FCE46 /* ContentView.swift in Sources */ = {isa = PBXBuildFile; fileRef = C5387B9C2A159BB6000FCE46 /* ContentView.swift */; };
		C5387B9F2A159BB6000FCE46 /* Assets.xcassets in Resources */ = {isa = PBXBuildFile; fileRef = C5387B9E2A159BB6000FCE46 /* Assets.xcassets */; };
		C5387BA22A159BB6000FCE46 /* Preview Assets.xcassets in Resources */ = {isa = PBXBuildFile; fileRef = C5387BA12A159BB6000FCE46 /* Preview Assets.xcassets */; };
		C585DE0C2A1BBFC700F13A46 /* AlarmChallengeView.swift in Sources */ = {isa = PBXBuildFile; fileRef = C585DE0B2A1BBFC700F13A46 /* AlarmChallengeView.swift */; };
		C585DE102A1BC68F00F13A46 /* hardcore.mp3 in Resources */ = {isa = PBXBuildFile; fileRef = C585DE0F2A1BC68F00F13A46 /* hardcore.mp3 */; };
		C585DE132A1BDEA600F13A46 /* Lottie in Frameworks */ = {isa = PBXBuildFile; productRef = C585DE122A1BDEA600F13A46 /* Lottie */; };
		C585DE172A1BDF2900F13A46 /* LottieView.swift in Sources */ = {isa = PBXBuildFile; fileRef = C585DE162A1BDF2900F13A46 /* LottieView.swift */; };
		C585DE1F2A1BE7A900F13A46 /* heart-beat.json in Resources */ = {isa = PBXBuildFile; fileRef = C585DE1E2A1BE7A900F13A46 /* heart-beat.json */; };
		C5B7ABCD2A16402B00B90841 /* AlarmViewModel.swift in Sources */ = {isa = PBXBuildFile; fileRef = C5B7ABCC2A16402B00B90841 /* AlarmViewModel.swift */; };
		C5B7ABD22A165C4900B90841 /* WakeUpType.swift in Sources */ = {isa = PBXBuildFile; fileRef = C5B7ABD12A165C4900B90841 /* WakeUpType.swift */; };
		C5B7ABD52A166A2C00B90841 /* WatchConnectivity.framework in Frameworks */ = {isa = PBXBuildFile; fileRef = C5B7ABD42A166A2C00B90841 /* WatchConnectivity.framework */; };
		C5B7ABD72A166ABB00B90841 /* ConnectionProvider.swift in Sources */ = {isa = PBXBuildFile; fileRef = C5B7ABD62A166ABB00B90841 /* ConnectionProvider.swift */; };
		C5B7ABD92A16850D00B90841 /* Alarm.swift in Sources */ = {isa = PBXBuildFile; fileRef = C5B7ABD82A16850D00B90841 /* Alarm.swift */; };
		C5B7ABDB2A16994900B90841 /* AlarmViewModel.swift in Sources */ = {isa = PBXBuildFile; fileRef = C5B7ABCC2A16402B00B90841 /* AlarmViewModel.swift */; };
		C5B7ABDC2A16994E00B90841 /* ConnectionProvider.swift in Sources */ = {isa = PBXBuildFile; fileRef = C5B7ABD62A166ABB00B90841 /* ConnectionProvider.swift */; };
		C5B7ABDE2A169B7C00B90841 /* HomeView.swift in Sources */ = {isa = PBXBuildFile; fileRef = C5B7ABDD2A169B7C00B90841 /* HomeView.swift */; };
		C5B7ABDF2A16A1B100B90841 /* WakeUpType.swift in Sources */ = {isa = PBXBuildFile; fileRef = C5B7ABD12A165C4900B90841 /* WakeUpType.swift */; };
		C5B7ABE02A16A3E100B90841 /* Alarm.swift in Sources */ = {isa = PBXBuildFile; fileRef = C5B7ABD82A16850D00B90841 /* Alarm.swift */; };
		C5C3EBFC2A18167400E1537E /* CircularSliderView.swift in Sources */ = {isa = PBXBuildFile; fileRef = C5C3EBFB2A18167400E1537E /* CircularSliderView.swift */; };
		C5E622752A1A50EB0095D5A3 /* HealthStore.swift in Sources */ = {isa = PBXBuildFile; fileRef = C5E622742A1A50EB0095D5A3 /* HealthStore.swift */; };
		C5E622792A1A603B0095D5A3 /* HeartRateViewModel.swift in Sources */ = {isa = PBXBuildFile; fileRef = C5E622782A1A603B0095D5A3 /* HeartRateViewModel.swift */; };
		C5E6227C2A1ABE990095D5A3 /* NotificationViewController.swift in Sources */ = {isa = PBXBuildFile; fileRef = C5E6227B2A1ABE990095D5A3 /* NotificationViewController.swift */; };
		DE3789FF2A177E4B00BE10CB /* InterfaceController.swift in Sources */ = {isa = PBXBuildFile; fileRef = DE3789FE2A177E4B00BE10CB /* InterfaceController.swift */; };
		DE52A6542A1B64D5006F8E74 /* air_raid_siren.wav in Resources */ = {isa = PBXBuildFile; fileRef = DE52A6532A1B64D5006F8E74 /* air_raid_siren.wav */; };
		DE52A6592A1B7023006F8E74 /* air_raid_siren.mp3 in Resources */ = {isa = PBXBuildFile; fileRef = DE52A6582A1B7022006F8E74 /* air_raid_siren.mp3 */; };
/* End PBXBuildFile section */

/* Begin PBXContainerItemProxy section */
		C5387B972A159BB6000FCE46 /* PBXContainerItemProxy */ = {
			isa = PBXContainerItemProxy;
			containerPortal = C5387B7D2A159BB5000FCE46 /* Project object */;
			proxyType = 1;
			remoteGlobalIDString = C5387B942A159BB6000FCE46;
			remoteInfo = "SleepGuard Watch App";
		};
/* End PBXContainerItemProxy section */

/* Begin PBXCopyFilesBuildPhase section */
		C5387BA82A159BB6000FCE46 /* Embed Watch Content */ = {
			isa = PBXCopyFilesBuildPhase;
			buildActionMask = 2147483647;
			dstPath = "$(CONTENTS_FOLDER_PATH)/Watch";
			dstSubfolderSpec = 16;
			files = (
				C5387B962A159BB6000FCE46 /* SleepGuard Watch App.app in Embed Watch Content */,
			);
			name = "Embed Watch Content";
			runOnlyForDeploymentPostprocessing = 0;
		};
/* End PBXCopyFilesBuildPhase section */

/* Begin PBXFileReference section */
		C5387B852A159BB5000FCE46 /* SleepGuard.app */ = {isa = PBXFileReference; explicitFileType = wrapper.application; includeInIndex = 0; path = SleepGuard.app; sourceTree = BUILT_PRODUCTS_DIR; };
		C5387B882A159BB5000FCE46 /* SleepGuardApp.swift */ = {isa = PBXFileReference; lastKnownFileType = sourcecode.swift; path = SleepGuardApp.swift; sourceTree = "<group>"; };
		C5387B8A2A159BB5000FCE46 /* ContentView.swift */ = {isa = PBXFileReference; lastKnownFileType = sourcecode.swift; path = ContentView.swift; sourceTree = "<group>"; };
		C5387B8C2A159BB6000FCE46 /* Assets.xcassets */ = {isa = PBXFileReference; lastKnownFileType = folder.assetcatalog; path = Assets.xcassets; sourceTree = "<group>"; };
		C5387B8F2A159BB6000FCE46 /* Preview Assets.xcassets */ = {isa = PBXFileReference; lastKnownFileType = folder.assetcatalog; path = "Preview Assets.xcassets"; sourceTree = "<group>"; };
		C5387B952A159BB6000FCE46 /* SleepGuard Watch App.app */ = {isa = PBXFileReference; explicitFileType = wrapper.application; includeInIndex = 0; path = "SleepGuard Watch App.app"; sourceTree = BUILT_PRODUCTS_DIR; };
		C5387B9A2A159BB6000FCE46 /* SleepGuardApp.swift */ = {isa = PBXFileReference; lastKnownFileType = sourcecode.swift; path = SleepGuardApp.swift; sourceTree = "<group>"; };
		C5387B9C2A159BB6000FCE46 /* ContentView.swift */ = {isa = PBXFileReference; lastKnownFileType = sourcecode.swift; path = ContentView.swift; sourceTree = "<group>"; };
		C5387B9E2A159BB6000FCE46 /* Assets.xcassets */ = {isa = PBXFileReference; lastKnownFileType = folder.assetcatalog; path = Assets.xcassets; sourceTree = "<group>"; };
		C5387BA12A159BB6000FCE46 /* Preview Assets.xcassets */ = {isa = PBXFileReference; lastKnownFileType = folder.assetcatalog; path = "Preview Assets.xcassets"; sourceTree = "<group>"; };
		C585DE0B2A1BBFC700F13A46 /* AlarmChallengeView.swift */ = {isa = PBXFileReference; lastKnownFileType = sourcecode.swift; path = AlarmChallengeView.swift; sourceTree = "<group>"; };
		C585DE0F2A1BC68F00F13A46 /* hardcore.mp3 */ = {isa = PBXFileReference; lastKnownFileType = audio.mp3; path = hardcore.mp3; sourceTree = "<group>"; };
		C585DE162A1BDF2900F13A46 /* LottieView.swift */ = {isa = PBXFileReference; lastKnownFileType = sourcecode.swift; path = LottieView.swift; sourceTree = "<group>"; };
		C585DE1E2A1BE7A900F13A46 /* heart-beat.json */ = {isa = PBXFileReference; fileEncoding = 4; lastKnownFileType = text.json; path = "heart-beat.json"; sourceTree = "<group>"; };
		C5B7ABCC2A16402B00B90841 /* AlarmViewModel.swift */ = {isa = PBXFileReference; lastKnownFileType = sourcecode.swift; path = AlarmViewModel.swift; sourceTree = "<group>"; };
		C5B7ABD12A165C4900B90841 /* WakeUpType.swift */ = {isa = PBXFileReference; lastKnownFileType = sourcecode.swift; path = WakeUpType.swift; sourceTree = "<group>"; };
		C5B7ABD42A166A2C00B90841 /* WatchConnectivity.framework */ = {isa = PBXFileReference; lastKnownFileType = wrapper.framework; name = WatchConnectivity.framework; path = Platforms/iPhoneOS.platform/Developer/SDKs/iPhoneOS16.4.sdk/System/Library/Frameworks/WatchConnectivity.framework; sourceTree = DEVELOPER_DIR; };
		C5B7ABD62A166ABB00B90841 /* ConnectionProvider.swift */ = {isa = PBXFileReference; lastKnownFileType = sourcecode.swift; path = ConnectionProvider.swift; sourceTree = "<group>"; };
		C5B7ABD82A16850D00B90841 /* Alarm.swift */ = {isa = PBXFileReference; lastKnownFileType = sourcecode.swift; path = Alarm.swift; sourceTree = "<group>"; };
		C5B7ABDD2A169B7C00B90841 /* HomeView.swift */ = {isa = PBXFileReference; lastKnownFileType = sourcecode.swift; path = HomeView.swift; sourceTree = "<group>"; };
		C5C3EBFB2A18167400E1537E /* CircularSliderView.swift */ = {isa = PBXFileReference; lastKnownFileType = sourcecode.swift; path = CircularSliderView.swift; sourceTree = "<group>"; };
		C5E622742A1A50EB0095D5A3 /* HealthStore.swift */ = {isa = PBXFileReference; lastKnownFileType = sourcecode.swift; path = HealthStore.swift; sourceTree = "<group>"; };
		C5E622762A1A550E0095D5A3 /* SleepGuard.entitlements */ = {isa = PBXFileReference; lastKnownFileType = text.plist.entitlements; path = SleepGuard.entitlements; sourceTree = "<group>"; };
		C5E622772A1A5E460095D5A3 /* Info.plist */ = {isa = PBXFileReference; lastKnownFileType = text.plist; path = Info.plist; sourceTree = "<group>"; };
		C5E622782A1A603B0095D5A3 /* HeartRateViewModel.swift */ = {isa = PBXFileReference; lastKnownFileType = sourcecode.swift; path = HeartRateViewModel.swift; sourceTree = "<group>"; };
		C5E6227A2A1A656B0095D5A3 /* SleepGuard Watch App.entitlements */ = {isa = PBXFileReference; lastKnownFileType = text.plist.entitlements; path = "SleepGuard Watch App.entitlements"; sourceTree = "<group>"; };
		C5E6227B2A1ABE990095D5A3 /* NotificationViewController.swift */ = {isa = PBXFileReference; lastKnownFileType = sourcecode.swift; path = NotificationViewController.swift; sourceTree = "<group>"; };
		DE3789FE2A177E4B00BE10CB /* InterfaceController.swift */ = {isa = PBXFileReference; lastKnownFileType = sourcecode.swift; path = InterfaceController.swift; sourceTree = "<group>"; };
		DE52A6532A1B64D5006F8E74 /* air_raid_siren.wav */ = {isa = PBXFileReference; lastKnownFileType = audio.wav; path = air_raid_siren.wav; sourceTree = "<group>"; };
		DE52A6582A1B7022006F8E74 /* air_raid_siren.mp3 */ = {isa = PBXFileReference; lastKnownFileType = audio.mp3; path = air_raid_siren.mp3; sourceTree = "<group>"; };
/* End PBXFileReference section */

/* Begin PBXFrameworksBuildPhase section */
		C5387B822A159BB5000FCE46 /* Frameworks */ = {
			isa = PBXFrameworksBuildPhase;
			buildActionMask = 2147483647;
			files = (
				C5B7ABD52A166A2C00B90841 /* WatchConnectivity.framework in Frameworks */,
				C585DE132A1BDEA600F13A46 /* Lottie in Frameworks */,
			);
			runOnlyForDeploymentPostprocessing = 0;
		};
		C5387B922A159BB6000FCE46 /* Frameworks */ = {
			isa = PBXFrameworksBuildPhase;
			buildActionMask = 2147483647;
			files = (
			);
			runOnlyForDeploymentPostprocessing = 0;
		};
/* End PBXFrameworksBuildPhase section */

/* Begin PBXGroup section */
		C5387B7C2A159BB5000FCE46 = {
			isa = PBXGroup;
			children = (
				C585DE192A1BDFF800F13A46 /* LottieAnimations */,
				DE52A6552A1B6FDD006F8E74 /* Sounds */,
				C5387B872A159BB5000FCE46 /* SleepGuard */,
				C5387B992A159BB6000FCE46 /* SleepGuard Watch App */,
				C5387B862A159BB5000FCE46 /* Products */,
				C5B7ABD32A166A2B00B90841 /* Frameworks */,
			);
			sourceTree = "<group>";
		};
		C5387B862A159BB5000FCE46 /* Products */ = {
			isa = PBXGroup;
			children = (
				C5387B852A159BB5000FCE46 /* SleepGuard.app */,
				C5387B952A159BB6000FCE46 /* SleepGuard Watch App.app */,
			);
			name = Products;
			sourceTree = "<group>";
		};
		C5387B872A159BB5000FCE46 /* SleepGuard */ = {
			isa = PBXGroup;
			children = (
				C5E622772A1A5E460095D5A3 /* Info.plist */,
				C5E622762A1A550E0095D5A3 /* SleepGuard.entitlements */,
				C5B7ABD02A165C3600B90841 /* Enum */,
				C5B7ABCB2A163D4100B90841 /* ViewModel */,
				C5387BAC2A159DD6000FCE46 /* Views */,
				C5387B882A159BB5000FCE46 /* SleepGuardApp.swift */,
				C5387B8C2A159BB6000FCE46 /* Assets.xcassets */,
				C5387B8E2A159BB6000FCE46 /* Preview Content */,
				DE3789FE2A177E4B00BE10CB /* InterfaceController.swift */,
			);
			path = SleepGuard;
			sourceTree = "<group>";
		};
		C5387B8E2A159BB6000FCE46 /* Preview Content */ = {
			isa = PBXGroup;
			children = (
				C5387B8F2A159BB6000FCE46 /* Preview Assets.xcassets */,
			);
			path = "Preview Content";
			sourceTree = "<group>";
		};
		C5387B992A159BB6000FCE46 /* SleepGuard Watch App */ = {
			isa = PBXGroup;
			children = (
				C5E6227A2A1A656B0095D5A3 /* SleepGuard Watch App.entitlements */,
				C5387B9A2A159BB6000FCE46 /* SleepGuardApp.swift */,
				C5B7ABDD2A169B7C00B90841 /* HomeView.swift */,
				C5387B9C2A159BB6000FCE46 /* ContentView.swift */,
				C5387B9E2A159BB6000FCE46 /* Assets.xcassets */,
				C5387BA02A159BB6000FCE46 /* Preview Content */,
			);
			path = "SleepGuard Watch App";
			sourceTree = "<group>";
		};
		C5387BA02A159BB6000FCE46 /* Preview Content */ = {
			isa = PBXGroup;
			children = (
				C5387BA12A159BB6000FCE46 /* Preview Assets.xcassets */,
			);
			path = "Preview Content";
			sourceTree = "<group>";
		};
		C5387BAC2A159DD6000FCE46 /* Views */ = {
			isa = PBXGroup;
			children = (
				C5387B8A2A159BB5000FCE46 /* ContentView.swift */,
				C5C3EBFB2A18167400E1537E /* CircularSliderView.swift */,
				C585DE0B2A1BBFC700F13A46 /* AlarmChallengeView.swift */,
				C585DE162A1BDF2900F13A46 /* LottieView.swift */,
			);
			path = Views;
			sourceTree = "<group>";
		};
		C585DE192A1BDFF800F13A46 /* LottieAnimations */ = {
			isa = PBXGroup;
			children = (
				C585DE1E2A1BE7A900F13A46 /* heart-beat.json */,
			);
			path = LottieAnimations;
			sourceTree = "<group>";
		};
		C5B7ABCB2A163D4100B90841 /* ViewModel */ = {
			isa = PBXGroup;
			children = (
				C5E6227B2A1ABE990095D5A3 /* NotificationViewController.swift */,
				C5B7ABCC2A16402B00B90841 /* AlarmViewModel.swift */,
				C5B7ABD62A166ABB00B90841 /* ConnectionProvider.swift */,
				C5E622742A1A50EB0095D5A3 /* HealthStore.swift */,
				C5E622782A1A603B0095D5A3 /* HeartRateViewModel.swift */,
			);
			path = ViewModel;
			sourceTree = "<group>";
		};
		C5B7ABD02A165C3600B90841 /* Enum */ = {
			isa = PBXGroup;
			children = (
				C5B7ABD12A165C4900B90841 /* WakeUpType.swift */,
				C5B7ABD82A16850D00B90841 /* Alarm.swift */,
			);
			path = Enum;
			sourceTree = "<group>";
		};
		C5B7ABD32A166A2B00B90841 /* Frameworks */ = {
			isa = PBXGroup;
			children = (
				C5B7ABD42A166A2C00B90841 /* WatchConnectivity.framework */,
			);
			name = Frameworks;
			sourceTree = "<group>";
		};
		DE52A6552A1B6FDD006F8E74 /* Sounds */ = {
			isa = PBXGroup;
			children = (
				C585DE0F2A1BC68F00F13A46 /* hardcore.mp3 */,
				DE52A6532A1B64D5006F8E74 /* air_raid_siren.wav */,
				DE52A6582A1B7022006F8E74 /* air_raid_siren.mp3 */,
			);
			path = Sounds;
			sourceTree = "<group>";
		};
/* End PBXGroup section */

/* Begin PBXNativeTarget section */
		C5387B842A159BB5000FCE46 /* SleepGuard */ = {
			isa = PBXNativeTarget;
			buildConfigurationList = C5387BA92A159BB6000FCE46 /* Build configuration list for PBXNativeTarget "SleepGuard" */;
			buildPhases = (
				C5387B812A159BB5000FCE46 /* Sources */,
				C5387B822A159BB5000FCE46 /* Frameworks */,
				C5387B832A159BB5000FCE46 /* Resources */,
				C5387BA82A159BB6000FCE46 /* Embed Watch Content */,
			);
			buildRules = (
			);
			dependencies = (
				C5387B982A159BB6000FCE46 /* PBXTargetDependency */,
			);
			name = SleepGuard;
			packageProductDependencies = (
				C585DE122A1BDEA600F13A46 /* Lottie */,
			);
			productName = SleepGuard;
			productReference = C5387B852A159BB5000FCE46 /* SleepGuard.app */;
			productType = "com.apple.product-type.application";
		};
		C5387B942A159BB6000FCE46 /* SleepGuard Watch App */ = {
			isa = PBXNativeTarget;
			buildConfigurationList = C5387BA52A159BB6000FCE46 /* Build configuration list for PBXNativeTarget "SleepGuard Watch App" */;
			buildPhases = (
				C5387B912A159BB6000FCE46 /* Sources */,
				C5387B922A159BB6000FCE46 /* Frameworks */,
				C5387B932A159BB6000FCE46 /* Resources */,
			);
			buildRules = (
			);
			dependencies = (
			);
			name = "SleepGuard Watch App";
			productName = "SleepGuard Watch App";
			productReference = C5387B952A159BB6000FCE46 /* SleepGuard Watch App.app */;
			productType = "com.apple.product-type.application";
		};
/* End PBXNativeTarget section */

/* Begin PBXProject section */
		C5387B7D2A159BB5000FCE46 /* Project object */ = {
			isa = PBXProject;
			attributes = {
				BuildIndependentTargetsInParallel = 1;
				LastSwiftUpdateCheck = 1430;
				LastUpgradeCheck = 1430;
				TargetAttributes = {
					C5387B842A159BB5000FCE46 = {
						CreatedOnToolsVersion = 14.3;
					};
					C5387B942A159BB6000FCE46 = {
						CreatedOnToolsVersion = 14.3;
					};
				};
			};
			buildConfigurationList = C5387B802A159BB5000FCE46 /* Build configuration list for PBXProject "SleepGuard" */;
			compatibilityVersion = "Xcode 14.0";
			developmentRegion = en;
			hasScannedForEncodings = 0;
			knownRegions = (
				en,
				Base,
			);
			mainGroup = C5387B7C2A159BB5000FCE46;
			packageReferences = (
				C585DE112A1BDEA600F13A46 /* XCRemoteSwiftPackageReference "lottie-ios" */,
			);
			productRefGroup = C5387B862A159BB5000FCE46 /* Products */;
			projectDirPath = "";
			projectRoot = "";
			targets = (
				C5387B842A159BB5000FCE46 /* SleepGuard */,
				C5387B942A159BB6000FCE46 /* SleepGuard Watch App */,
			);
		};
/* End PBXProject section */

/* Begin PBXResourcesBuildPhase section */
		C5387B832A159BB5000FCE46 /* Resources */ = {
			isa = PBXResourcesBuildPhase;
			buildActionMask = 2147483647;
			files = (
				DE52A6542A1B64D5006F8E74 /* air_raid_siren.wav in Resources */,
				C5387B902A159BB6000FCE46 /* Preview Assets.xcassets in Resources */,
				C585DE1F2A1BE7A900F13A46 /* heart-beat.json in Resources */,
				C5387B8D2A159BB6000FCE46 /* Assets.xcassets in Resources */,
				DE52A6592A1B7023006F8E74 /* air_raid_siren.mp3 in Resources */,
				C585DE102A1BC68F00F13A46 /* hardcore.mp3 in Resources */,
			);
			runOnlyForDeploymentPostprocessing = 0;
		};
		C5387B932A159BB6000FCE46 /* Resources */ = {
			isa = PBXResourcesBuildPhase;
			buildActionMask = 2147483647;
			files = (
				C5387BA22A159BB6000FCE46 /* Preview Assets.xcassets in Resources */,
				C5387B9F2A159BB6000FCE46 /* Assets.xcassets in Resources */,
			);
			runOnlyForDeploymentPostprocessing = 0;
		};
/* End PBXResourcesBuildPhase section */

/* Begin PBXSourcesBuildPhase section */
		C5387B812A159BB5000FCE46 /* Sources */ = {
			isa = PBXSourcesBuildPhase;
			buildActionMask = 2147483647;
			files = (
				C5C3EBFC2A18167400E1537E /* CircularSliderView.swift in Sources */,
				C5E6227C2A1ABE990095D5A3 /* NotificationViewController.swift in Sources */,
				C5E622792A1A603B0095D5A3 /* HeartRateViewModel.swift in Sources */,
				C5B7ABCD2A16402B00B90841 /* AlarmViewModel.swift in Sources */,
				C5B7ABD92A16850D00B90841 /* Alarm.swift in Sources */,
				C5B7ABD72A166ABB00B90841 /* ConnectionProvider.swift in Sources */,
				C585DE0C2A1BBFC700F13A46 /* AlarmChallengeView.swift in Sources */,
				C5B7ABD22A165C4900B90841 /* WakeUpType.swift in Sources */,
				C585DE172A1BDF2900F13A46 /* LottieView.swift in Sources */,
				C5387B8B2A159BB5000FCE46 /* ContentView.swift in Sources */,
				DE3789FF2A177E4B00BE10CB /* InterfaceController.swift in Sources */,
				C5E622752A1A50EB0095D5A3 /* HealthStore.swift in Sources */,
				C5387B892A159BB5000FCE46 /* SleepGuardApp.swift in Sources */,
			);
			runOnlyForDeploymentPostprocessing = 0;
		};
		C5387B912A159BB6000FCE46 /* Sources */ = {
			isa = PBXSourcesBuildPhase;
			buildActionMask = 2147483647;
			files = (
				C5387B9D2A159BB6000FCE46 /* ContentView.swift in Sources */,
				C5B7ABDB2A16994900B90841 /* AlarmViewModel.swift in Sources */,
				C5B7ABDF2A16A1B100B90841 /* WakeUpType.swift in Sources */,
				C5B7ABDC2A16994E00B90841 /* ConnectionProvider.swift in Sources */,
				C5B7ABDE2A169B7C00B90841 /* HomeView.swift in Sources */,
				C5B7ABE02A16A3E100B90841 /* Alarm.swift in Sources */,
				C5387B9B2A159BB6000FCE46 /* SleepGuardApp.swift in Sources */,
			);
			runOnlyForDeploymentPostprocessing = 0;
		};
/* End PBXSourcesBuildPhase section */

/* Begin PBXTargetDependency section */
		C5387B982A159BB6000FCE46 /* PBXTargetDependency */ = {
			isa = PBXTargetDependency;
			target = C5387B942A159BB6000FCE46 /* SleepGuard Watch App */;
			targetProxy = C5387B972A159BB6000FCE46 /* PBXContainerItemProxy */;
		};
/* End PBXTargetDependency section */

/* Begin XCBuildConfiguration section */
		C5387BA32A159BB6000FCE46 /* Debug */ = {
			isa = XCBuildConfiguration;
			buildSettings = {
				ALWAYS_SEARCH_USER_PATHS = NO;
				CLANG_ANALYZER_NONNULL = YES;
				CLANG_ANALYZER_NUMBER_OBJECT_CONVERSION = YES_AGGRESSIVE;
				CLANG_CXX_LANGUAGE_STANDARD = "gnu++20";
				CLANG_ENABLE_MODULES = YES;
				CLANG_ENABLE_OBJC_ARC = YES;
				CLANG_ENABLE_OBJC_WEAK = YES;
				CLANG_WARN_BLOCK_CAPTURE_AUTORELEASING = YES;
				CLANG_WARN_BOOL_CONVERSION = YES;
				CLANG_WARN_COMMA = YES;
				CLANG_WARN_CONSTANT_CONVERSION = YES;
				CLANG_WARN_DEPRECATED_OBJC_IMPLEMENTATIONS = YES;
				CLANG_WARN_DIRECT_OBJC_ISA_USAGE = YES_ERROR;
				CLANG_WARN_DOCUMENTATION_COMMENTS = YES;
				CLANG_WARN_EMPTY_BODY = YES;
				CLANG_WARN_ENUM_CONVERSION = YES;
				CLANG_WARN_INFINITE_RECURSION = YES;
				CLANG_WARN_INT_CONVERSION = YES;
				CLANG_WARN_NON_LITERAL_NULL_CONVERSION = YES;
				CLANG_WARN_OBJC_IMPLICIT_RETAIN_SELF = YES;
				CLANG_WARN_OBJC_LITERAL_CONVERSION = YES;
				CLANG_WARN_OBJC_ROOT_CLASS = YES_ERROR;
				CLANG_WARN_QUOTED_INCLUDE_IN_FRAMEWORK_HEADER = YES;
				CLANG_WARN_RANGE_LOOP_ANALYSIS = YES;
				CLANG_WARN_STRICT_PROTOTYPES = YES;
				CLANG_WARN_SUSPICIOUS_MOVE = YES;
				CLANG_WARN_UNGUARDED_AVAILABILITY = YES_AGGRESSIVE;
				CLANG_WARN_UNREACHABLE_CODE = YES;
				CLANG_WARN__DUPLICATE_METHOD_MATCH = YES;
				COPY_PHASE_STRIP = NO;
				DEBUG_INFORMATION_FORMAT = dwarf;
				ENABLE_STRICT_OBJC_MSGSEND = YES;
				ENABLE_TESTABILITY = YES;
				GCC_C_LANGUAGE_STANDARD = gnu11;
				GCC_DYNAMIC_NO_PIC = NO;
				GCC_NO_COMMON_BLOCKS = YES;
				GCC_OPTIMIZATION_LEVEL = 0;
				GCC_PREPROCESSOR_DEFINITIONS = (
					"DEBUG=1",
					"$(inherited)",
				);
				GCC_WARN_64_TO_32_BIT_CONVERSION = YES;
				GCC_WARN_ABOUT_RETURN_TYPE = YES_ERROR;
				GCC_WARN_UNDECLARED_SELECTOR = YES;
				GCC_WARN_UNINITIALIZED_AUTOS = YES_AGGRESSIVE;
				GCC_WARN_UNUSED_FUNCTION = YES;
				GCC_WARN_UNUSED_VARIABLE = YES;
				MTL_ENABLE_DEBUG_INFO = INCLUDE_SOURCE;
				MTL_FAST_MATH = YES;
				ONLY_ACTIVE_ARCH = YES;
				SWIFT_ACTIVE_COMPILATION_CONDITIONS = DEBUG;
				SWIFT_OPTIMIZATION_LEVEL = "-Onone";
			};
			name = Debug;
		};
		C5387BA42A159BB6000FCE46 /* Release */ = {
			isa = XCBuildConfiguration;
			buildSettings = {
				ALWAYS_SEARCH_USER_PATHS = NO;
				CLANG_ANALYZER_NONNULL = YES;
				CLANG_ANALYZER_NUMBER_OBJECT_CONVERSION = YES_AGGRESSIVE;
				CLANG_CXX_LANGUAGE_STANDARD = "gnu++20";
				CLANG_ENABLE_MODULES = YES;
				CLANG_ENABLE_OBJC_ARC = YES;
				CLANG_ENABLE_OBJC_WEAK = YES;
				CLANG_WARN_BLOCK_CAPTURE_AUTORELEASING = YES;
				CLANG_WARN_BOOL_CONVERSION = YES;
				CLANG_WARN_COMMA = YES;
				CLANG_WARN_CONSTANT_CONVERSION = YES;
				CLANG_WARN_DEPRECATED_OBJC_IMPLEMENTATIONS = YES;
				CLANG_WARN_DIRECT_OBJC_ISA_USAGE = YES_ERROR;
				CLANG_WARN_DOCUMENTATION_COMMENTS = YES;
				CLANG_WARN_EMPTY_BODY = YES;
				CLANG_WARN_ENUM_CONVERSION = YES;
				CLANG_WARN_INFINITE_RECURSION = YES;
				CLANG_WARN_INT_CONVERSION = YES;
				CLANG_WARN_NON_LITERAL_NULL_CONVERSION = YES;
				CLANG_WARN_OBJC_IMPLICIT_RETAIN_SELF = YES;
				CLANG_WARN_OBJC_LITERAL_CONVERSION = YES;
				CLANG_WARN_OBJC_ROOT_CLASS = YES_ERROR;
				CLANG_WARN_QUOTED_INCLUDE_IN_FRAMEWORK_HEADER = YES;
				CLANG_WARN_RANGE_LOOP_ANALYSIS = YES;
				CLANG_WARN_STRICT_PROTOTYPES = YES;
				CLANG_WARN_SUSPICIOUS_MOVE = YES;
				CLANG_WARN_UNGUARDED_AVAILABILITY = YES_AGGRESSIVE;
				CLANG_WARN_UNREACHABLE_CODE = YES;
				CLANG_WARN__DUPLICATE_METHOD_MATCH = YES;
				COPY_PHASE_STRIP = NO;
				DEBUG_INFORMATION_FORMAT = "dwarf-with-dsym";
				ENABLE_NS_ASSERTIONS = NO;
				ENABLE_STRICT_OBJC_MSGSEND = YES;
				GCC_C_LANGUAGE_STANDARD = gnu11;
				GCC_NO_COMMON_BLOCKS = YES;
				GCC_WARN_64_TO_32_BIT_CONVERSION = YES;
				GCC_WARN_ABOUT_RETURN_TYPE = YES_ERROR;
				GCC_WARN_UNDECLARED_SELECTOR = YES;
				GCC_WARN_UNINITIALIZED_AUTOS = YES_AGGRESSIVE;
				GCC_WARN_UNUSED_FUNCTION = YES;
				GCC_WARN_UNUSED_VARIABLE = YES;
				MTL_ENABLE_DEBUG_INFO = NO;
				MTL_FAST_MATH = YES;
				SWIFT_COMPILATION_MODE = wholemodule;
				SWIFT_OPTIMIZATION_LEVEL = "-O";
			};
			name = Release;
		};
		C5387BA62A159BB6000FCE46 /* Debug */ = {
			isa = XCBuildConfiguration;
			buildSettings = {
				ASSETCATALOG_COMPILER_APPICON_NAME = AppIcon;
				ASSETCATALOG_COMPILER_GLOBAL_ACCENT_COLOR_NAME = AccentColor;
				CODE_SIGN_ENTITLEMENTS = "SleepGuard Watch App/SleepGuard Watch App.entitlements";
				CODE_SIGN_STYLE = Automatic;
				CURRENT_PROJECT_VERSION = 1;
				DEVELOPMENT_ASSET_PATHS = "\"SleepGuard Watch App/Preview Content\"";
				DEVELOPMENT_TEAM = KYR4X9M655;
				ENABLE_PREVIEWS = YES;
				GENERATE_INFOPLIST_FILE = YES;
				INFOPLIST_KEY_CFBundleDisplayName = SleepGuard;
				INFOPLIST_KEY_UISupportedInterfaceOrientations = "UIInterfaceOrientationPortrait UIInterfaceOrientationPortraitUpsideDown";
				INFOPLIST_KEY_WKCompanionAppBundleIdentifier = com.haikallazuardifadil.SleepGuard;
				LD_RUNPATH_SEARCH_PATHS = (
					"$(inherited)",
					"@executable_path/Frameworks",
				);
				MARKETING_VERSION = 1.0;
				PRODUCT_BUNDLE_IDENTIFIER = com.haikallazuardifadil.SleepGuard.watchkitapp;
				PRODUCT_NAME = "$(TARGET_NAME)";
				SDKROOT = watchos;
				SKIP_INSTALL = YES;
				SWIFT_EMIT_LOC_STRINGS = YES;
				SWIFT_VERSION = 5.0;
				TARGETED_DEVICE_FAMILY = 4;
				WATCHOS_DEPLOYMENT_TARGET = 9.1;
			};
			name = Debug;
		};
		C5387BA72A159BB6000FCE46 /* Release */ = {
			isa = XCBuildConfiguration;
			buildSettings = {
				ASSETCATALOG_COMPILER_APPICON_NAME = AppIcon;
				ASSETCATALOG_COMPILER_GLOBAL_ACCENT_COLOR_NAME = AccentColor;
				CODE_SIGN_ENTITLEMENTS = "SleepGuard Watch App/SleepGuard Watch App.entitlements";
				CODE_SIGN_STYLE = Automatic;
				CURRENT_PROJECT_VERSION = 1;
				DEVELOPMENT_ASSET_PATHS = "\"SleepGuard Watch App/Preview Content\"";
				DEVELOPMENT_TEAM = KYR4X9M655;
				ENABLE_PREVIEWS = YES;
				GENERATE_INFOPLIST_FILE = YES;
				INFOPLIST_KEY_CFBundleDisplayName = SleepGuard;
				INFOPLIST_KEY_UISupportedInterfaceOrientations = "UIInterfaceOrientationPortrait UIInterfaceOrientationPortraitUpsideDown";
				INFOPLIST_KEY_WKCompanionAppBundleIdentifier = com.haikallazuardifadil.SleepGuard;
				LD_RUNPATH_SEARCH_PATHS = (
					"$(inherited)",
					"@executable_path/Frameworks",
				);
				MARKETING_VERSION = 1.0;
				PRODUCT_BUNDLE_IDENTIFIER = com.haikallazuardifadil.SleepGuard.watchkitapp;
				PRODUCT_NAME = "$(TARGET_NAME)";
				SDKROOT = watchos;
				SKIP_INSTALL = YES;
				SWIFT_EMIT_LOC_STRINGS = YES;
				SWIFT_VERSION = 5.0;
				TARGETED_DEVICE_FAMILY = 4;
				VALIDATE_PRODUCT = YES;
				WATCHOS_DEPLOYMENT_TARGET = 9.1;
			};
			name = Release;
		};
		C5387BAA2A159BB6000FCE46 /* Debug */ = {
			isa = XCBuildConfiguration;
			buildSettings = {
				ALWAYS_EMBED_SWIFT_STANDARD_LIBRARIES = YES;
				ASSETCATALOG_COMPILER_APPICON_NAME = AppIcon;
				ASSETCATALOG_COMPILER_GLOBAL_ACCENT_COLOR_NAME = AccentColor;
				CODE_SIGN_ENTITLEMENTS = SleepGuard/SleepGuard.entitlements;
				CODE_SIGN_IDENTITY = "Apple Development";
				CODE_SIGN_STYLE = Automatic;
				CURRENT_PROJECT_VERSION = 1;
				DEVELOPMENT_ASSET_PATHS = "\"SleepGuard/Preview Content\"";
				DEVELOPMENT_TEAM = KYR4X9M655;
				ENABLE_PREVIEWS = YES;
				GENERATE_INFOPLIST_FILE = YES;
				INFOPLIST_FILE = SleepGuard/Info.plist;
				INFOPLIST_KEY_CFBundleDisplayName = SleepGuard;
				INFOPLIST_KEY_NSHealthShareUsageDescription = "This app requires to access your health data";
				INFOPLIST_KEY_NSHealthUpdateUsageDescription = "This app requires to access your health data";
				INFOPLIST_KEY_UIApplicationSceneManifest_Generation = YES;
				INFOPLIST_KEY_UIApplicationSupportsIndirectInputEvents = YES;
				INFOPLIST_KEY_UILaunchScreen_Generation = YES;
				INFOPLIST_KEY_UISupportedInterfaceOrientations_iPad = "UIInterfaceOrientationPortrait UIInterfaceOrientationPortraitUpsideDown UIInterfaceOrientationLandscapeLeft UIInterfaceOrientationLandscapeRight";
				INFOPLIST_KEY_UISupportedInterfaceOrientations_iPhone = "UIInterfaceOrientationPortrait UIInterfaceOrientationLandscapeLeft UIInterfaceOrientationLandscapeRight";
				IPHONEOS_DEPLOYMENT_TARGET = 16.4;
				LD_RUNPATH_SEARCH_PATHS = (
					"$(inherited)",
					"@executable_path/Frameworks",
				);
				MARKETING_VERSION = 1.0;
				PRODUCT_BUNDLE_IDENTIFIER = com.haikallazuardifadil.SleepGuard;
				PRODUCT_NAME = "$(TARGET_NAME)";
				PROVISIONING_PROFILE_SPECIFIER = "";
				SDKROOT = iphoneos;
				SWIFT_EMIT_LOC_STRINGS = YES;
				SWIFT_VERSION = 5.0;
				TARGETED_DEVICE_FAMILY = "1,2";
			};
			name = Debug;
		};
		C5387BAB2A159BB6000FCE46 /* Release */ = {
			isa = XCBuildConfiguration;
			buildSettings = {
				ALWAYS_EMBED_SWIFT_STANDARD_LIBRARIES = YES;
				ASSETCATALOG_COMPILER_APPICON_NAME = AppIcon;
				ASSETCATALOG_COMPILER_GLOBAL_ACCENT_COLOR_NAME = AccentColor;
				CODE_SIGN_ENTITLEMENTS = SleepGuard/SleepGuard.entitlements;
				CODE_SIGN_IDENTITY = "Apple Development";
				CODE_SIGN_STYLE = Automatic;
				CURRENT_PROJECT_VERSION = 1;
				DEVELOPMENT_ASSET_PATHS = "\"SleepGuard/Preview Content\"";
				DEVELOPMENT_TEAM = KYR4X9M655;
				ENABLE_PREVIEWS = YES;
				GENERATE_INFOPLIST_FILE = YES;
				INFOPLIST_FILE = SleepGuard/Info.plist;
				INFOPLIST_KEY_CFBundleDisplayName = SleepGuard;
				INFOPLIST_KEY_NSHealthShareUsageDescription = "This app requires to access your health data";
				INFOPLIST_KEY_NSHealthUpdateUsageDescription = "This app requires to access your health data";
				INFOPLIST_KEY_UIApplicationSceneManifest_Generation = YES;
				INFOPLIST_KEY_UIApplicationSupportsIndirectInputEvents = YES;
				INFOPLIST_KEY_UILaunchScreen_Generation = YES;
				INFOPLIST_KEY_UISupportedInterfaceOrientations_iPad = "UIInterfaceOrientationPortrait UIInterfaceOrientationPortraitUpsideDown UIInterfaceOrientationLandscapeLeft UIInterfaceOrientationLandscapeRight";
				INFOPLIST_KEY_UISupportedInterfaceOrientations_iPhone = "UIInterfaceOrientationPortrait UIInterfaceOrientationLandscapeLeft UIInterfaceOrientationLandscapeRight";
				IPHONEOS_DEPLOYMENT_TARGET = 16.4;
				LD_RUNPATH_SEARCH_PATHS = (
					"$(inherited)",
					"@executable_path/Frameworks",
				);
				MARKETING_VERSION = 1.0;
				PRODUCT_BUNDLE_IDENTIFIER = com.haikallazuardifadil.SleepGuard;
				PRODUCT_NAME = "$(TARGET_NAME)";
				PROVISIONING_PROFILE_SPECIFIER = "";
				SDKROOT = iphoneos;
				SWIFT_EMIT_LOC_STRINGS = YES;
				SWIFT_VERSION = 5.0;
				TARGETED_DEVICE_FAMILY = "1,2";
				VALIDATE_PRODUCT = YES;
			};
			name = Release;
		};
/* End XCBuildConfiguration section */

/* Begin XCConfigurationList section */
		C5387B802A159BB5000FCE46 /* Build configuration list for PBXProject "SleepGuard" */ = {
			isa = XCConfigurationList;
			buildConfigurations = (
				C5387BA32A159BB6000FCE46 /* Debug */,
				C5387BA42A159BB6000FCE46 /* Release */,
			);
			defaultConfigurationIsVisible = 0;
			defaultConfigurationName = Release;
		};
		C5387BA52A159BB6000FCE46 /* Build configuration list for PBXNativeTarget "SleepGuard Watch App" */ = {
			isa = XCConfigurationList;
			buildConfigurations = (
				C5387BA62A159BB6000FCE46 /* Debug */,
				C5387BA72A159BB6000FCE46 /* Release */,
			);
			defaultConfigurationIsVisible = 0;
			defaultConfigurationName = Release;
		};
		C5387BA92A159BB6000FCE46 /* Build configuration list for PBXNativeTarget "SleepGuard" */ = {
			isa = XCConfigurationList;
			buildConfigurations = (
				C5387BAA2A159BB6000FCE46 /* Debug */,
				C5387BAB2A159BB6000FCE46 /* Release */,
			);
			defaultConfigurationIsVisible = 0;
			defaultConfigurationName = Release;
		};
/* End XCConfigurationList section */

/* Begin XCRemoteSwiftPackageReference section */
		C585DE112A1BDEA600F13A46 /* XCRemoteSwiftPackageReference "lottie-ios" */ = {
			isa = XCRemoteSwiftPackageReference;
			repositoryURL = "https://github.com/airbnb/lottie-ios.git";
			requirement = {
				kind = upToNextMajorVersion;
				minimumVersion = 4.0.0;
			};
		};
/* End XCRemoteSwiftPackageReference section */

/* Begin XCSwiftPackageProductDependency section */
		C585DE122A1BDEA600F13A46 /* Lottie */ = {
			isa = XCSwiftPackageProductDependency;
			package = C585DE112A1BDEA600F13A46 /* XCRemoteSwiftPackageReference "lottie-ios" */;
			productName = Lottie;
		};
/* End XCSwiftPackageProductDependency section */
	};
	rootObject = C5387B7D2A159BB5000FCE46 /* Project object */;
}
